
Microsoft Visual Studio Solution File, Format Version 12.00
# Visual Studio Version 16
VisualStudioVersion = 16.0.31424.327
MinimumVisualStudioVersion = 10.0.40219.1
Project("{FAE04EC0-301F-11D3-BF4B-00C04F79EFBC}") = "TodoApi", "TodoApi.csproj", "{2E296DDF-2F90-4353-B0C7-5F24D25F6BA0}"
EndProject
Global
	GlobalSection(SolutionConfigurationPlatforms) = preSolution
		Debug|Any CPU = Debug|Any CPU
		Release|Any CPU = Release|Any CPU
	EndGlobalSection
	GlobalSection(ProjectConfigurationPlatforms) = postSolution
		{2E296DDF-2F90-4353-B0C7-5F24D25F6BA0}.Debug|Any CPU.ActiveCfg = Debug|Any CPU
		{2E296DDF-2F90-4353-B0C7-5F24D25F6BA0}.Debug|Any CPU.Build.0 = Debug|Any CPU
		{2E296DDF-2F90-4353-B0C7-5F24D25F6BA0}.Release|Any CPU.ActiveCfg = Release|Any CPU
		{2E296DDF-2F90-4353-B0C7-5F24D25F6BA0}.Release|Any CPU.Build.0 = Release|Any CPU
	EndGlobalSection
	GlobalSection(SolutionProperties) = preSolution
		HideSolutionNode = FALSE
	EndGlobalSection
	GlobalSection(ExtensibilityGlobals) = postSolution
		SolutionGuid = {C858EE0A-8E4B-4B95-AB7E-20366BAE503F}
	EndGlobalSection
EndGlobal
